// !$*UTF8*$!
{
	archiveVersion = 1;
	classes = {
	};
	objectVersion = 56;
	objects = {

/* Begin PBXBuildFile section */
		D27175272A7289B9005257A0 /* AppDelegate.swift in Sources */ = {isa = PBXBuildFile; fileRef = D27175262A7289B9005257A0 /* AppDelegate.swift */; };
		D27175292A7289B9005257A0 /* SceneDelegate.swift in Sources */ = {isa = PBXBuildFile; fileRef = D27175282A7289B9005257A0 /* SceneDelegate.swift */; };
		D271752B2A7289B9005257A0 /* presenter.swift in Sources */ = {isa = PBXBuildFile; fileRef = D271752A2A7289B9005257A0 /* presenter.swift */; };
		D27175302A7289BA005257A0 /* Assets.xcassets in Resources */ = {isa = PBXBuildFile; fileRef = D271752F2A7289BA005257A0 /* Assets.xcassets */; };
		D27175332A7289BA005257A0 /* LaunchScreen.storyboard in Resources */ = {isa = PBXBuildFile; fileRef = D27175312A7289BA005257A0 /* LaunchScreen.storyboard */; };
		D271753E2A7289BB005257A0 /* mvpTests.swift in Sources */ = {isa = PBXBuildFile; fileRef = D271753D2A7289BB005257A0 /* mvpTests.swift */; };
		D27175482A7289BB005257A0 /* mvpUITests.swift in Sources */ = {isa = PBXBuildFile; fileRef = D27175472A7289BB005257A0 /* mvpUITests.swift */; };
		D271754A2A7289BB005257A0 /* mvpUITestsLaunchTests.swift in Sources */ = {isa = PBXBuildFile; fileRef = D27175492A7289BB005257A0 /* mvpUITestsLaunchTests.swift */; };
		D27175572A728A65005257A0 /* model.swift in Sources */ = {isa = PBXBuildFile; fileRef = D27175562A728A65005257A0 /* model.swift */; };
		D27175592A728A75005257A0 /* view.swift in Sources */ = {isa = PBXBuildFile; fileRef = D27175582A728A75005257A0 /* view.swift */; };
		D271755C2A728AAB005257A0 /* SnapKit in Frameworks */ = {isa = PBXBuildFile; productRef = D271755B2A728AAB005257A0 /* SnapKit */; };
		D271755F2A728ABA005257A0 /* Foil in Frameworks */ = {isa = PBXBuildFile; productRef = D271755E2A728ABA005257A0 /* Foil */; };
/* End PBXBuildFile section */

/* Begin PBXContainerItemProxy section */
		D271753A2A7289BB005257A0 /* PBXContainerItemProxy */ = {
			isa = PBXContainerItemProxy;
			containerPortal = D271751B2A7289B9005257A0 /* Project object */;
			proxyType = 1;
			remoteGlobalIDString = D27175222A7289B9005257A0;
			remoteInfo = mvp;
		};
		D27175442A7289BB005257A0 /* PBXContainerItemProxy */ = {
			isa = PBXContainerItemProxy;
			containerPortal = D271751B2A7289B9005257A0 /* Project object */;
			proxyType = 1;
			remoteGlobalIDString = D27175222A7289B9005257A0;
			remoteInfo = mvp;
		};
/* End PBXContainerItemProxy section */

/* Begin PBXFileReference section */
		D27175232A7289B9005257A0 /* mvp.app */ = {isa = PBXFileReference; explicitFileType = wrapper.application; includeInIndex = 0; path = mvp.app; sourceTree = BUILT_PRODUCTS_DIR; };
		D27175262A7289B9005257A0 /* AppDelegate.swift */ = {isa = PBXFileReference; lastKnownFileType = sourcecode.swift; path = AppDelegate.swift; sourceTree = "<group>"; };
		D27175282A7289B9005257A0 /* SceneDelegate.swift */ = {isa = PBXFileReference; lastKnownFileType = sourcecode.swift; path = SceneDelegate.swift; sourceTree = "<group>"; };
		D271752A2A7289B9005257A0 /* presenter.swift */ = {isa = PBXFileReference; lastKnownFileType = sourcecode.swift; path = presenter.swift; sourceTree = "<group>"; wrapsLines = 1; };
		D271752F2A7289BA005257A0 /* Assets.xcassets */ = {isa = PBXFileReference; lastKnownFileType = folder.assetcatalog; path = Assets.xcassets; sourceTree = "<group>"; };
		D27175322A7289BA005257A0 /* Base */ = {isa = PBXFileReference; lastKnownFileType = file.storyboard; name = Base; path = Base.lproj/LaunchScreen.storyboard; sourceTree = "<group>"; };
		D27175342A7289BA005257A0 /* Info.plist */ = {isa = PBXFileReference; lastKnownFileType = text.plist.xml; path = Info.plist; sourceTree = "<group>"; };
		D27175392A7289BB005257A0 /* mvpTests.xctest */ = {isa = PBXFileReference; explicitFileType = wrapper.cfbundle; includeInIndex = 0; path = mvpTests.xctest; sourceTree = BUILT_PRODUCTS_DIR; };
		D271753D2A7289BB005257A0 /* mvpTests.swift */ = {isa = PBXFileReference; lastKnownFileType = sourcecode.swift; path = mvpTests.swift; sourceTree = "<group>"; };
		D27175432A7289BB005257A0 /* mvpUITests.xctest */ = {isa = PBXFileReference; explicitFileType = wrapper.cfbundle; includeInIndex = 0; path = mvpUITests.xctest; sourceTree = BUILT_PRODUCTS_DIR; };
		D27175472A7289BB005257A0 /* mvpUITests.swift */ = {isa = PBXFileReference; lastKnownFileType = sourcecode.swift; path = mvpUITests.swift; sourceTree = "<group>"; };
		D27175492A7289BB005257A0 /* mvpUITestsLaunchTests.swift */ = {isa = PBXFileReference; lastKnownFileType = sourcecode.swift; path = mvpUITestsLaunchTests.swift; sourceTree = "<group>"; };
		D27175562A728A65005257A0 /* model.swift */ = {isa = PBXFileReference; lastKnownFileType = sourcecode.swift; path = model.swift; sourceTree = "<group>"; };
		D27175582A728A75005257A0 /* view.swift */ = {isa = PBXFileReference; lastKnownFileType = sourcecode.swift; path = view.swift; sourceTree = "<group>"; wrapsLines = 1; };
/* End PBXFileReference section */

/* Begin PBXFrameworksBuildPhase section */
		D27175202A7289B9005257A0 /* Frameworks */ = {
			isa = PBXFrameworksBuildPhase;
			buildActionMask = 2147483647;
			files = (
				D271755F2A728ABA005257A0 /* Foil in Frameworks */,
				D271755C2A728AAB005257A0 /* SnapKit in Frameworks */,
			);
			runOnlyForDeploymentPostprocessing = 0;
		};
		D27175362A7289BB005257A0 /* Frameworks */ = {
			isa = PBXFrameworksBuildPhase;
			buildActionMask = 2147483647;
			files = (
			);
			runOnlyForDeploymentPostprocessing = 0;
		};
		D27175402A7289BB005257A0 /* Frameworks */ = {
			isa = PBXFrameworksBuildPhase;
			buildActionMask = 2147483647;
			files = (
			);
			runOnlyForDeploymentPostprocessing = 0;
		};
/* End PBXFrameworksBuildPhase section */

/* Begin PBXGroup section */
		D271751A2A7289B9005257A0 = {
			isa = PBXGroup;
			children = (
				D27175252A7289B9005257A0 /* mvp */,
				D271753C2A7289BB005257A0 /* mvpTests */,
				D27175462A7289BB005257A0 /* mvpUITests */,
				D27175242A7289B9005257A0 /* Products */,
			);
			sourceTree = "<group>";
		};
		D27175242A7289B9005257A0 /* Products */ = {
			isa = PBXGroup;
			children = (
				D27175232A7289B9005257A0 /* mvp.app */,
				D27175392A7289BB005257A0 /* mvpTests.xctest */,
				D27175432A7289BB005257A0 /* mvpUITests.xctest */,
			);
			name = Products;
			sourceTree = "<group>";
		};
		D27175252A7289B9005257A0 /* mvp */ = {
			isa = PBXGroup;
			children = (
				D27175262A7289B9005257A0 /* AppDelegate.swift */,
				D27175282A7289B9005257A0 /* SceneDelegate.swift */,
				D271752A2A7289B9005257A0 /* presenter.swift */,
				D27175582A728A75005257A0 /* view.swift */,
				D27175562A728A65005257A0 /* model.swift */,
				D271752F2A7289BA005257A0 /* Assets.xcassets */,
				D27175312A7289BA005257A0 /* LaunchScreen.storyboard */,
				D27175342A7289BA005257A0 /* Info.plist */,
			);
			path = mvp;
			sourceTree = "<group>";
		};
		D271753C2A7289BB005257A0 /* mvpTests */ = {
			isa = PBXGroup;
			children = (
				D271753D2A7289BB005257A0 /* mvpTests.swift */,
			);
			path = mvpTests;
			sourceTree = "<group>";
		};
		D27175462A7289BB005257A0 /* mvpUITests */ = {
			isa = PBXGroup;
			children = (
				D27175472A7289BB005257A0 /* mvpUITests.swift */,
				D27175492A7289BB005257A0 /* mvpUITestsLaunchTests.swift */,
			);
			path = mvpUITests;
			sourceTree = "<group>";
		};
/* End PBXGroup section */

/* Begin PBXNativeTarget section */
		D27175222A7289B9005257A0 /* mvp */ = {
			isa = PBXNativeTarget;
			buildConfigurationList = D271754D2A7289BB005257A0 /* Build configuration list for PBXNativeTarget "mvp" */;
			buildPhases = (
				D271751F2A7289B9005257A0 /* Sources */,
				D27175202A7289B9005257A0 /* Frameworks */,
				D27175212A7289B9005257A0 /* Resources */,
			);
			buildRules = (
			);
			dependencies = (
			);
			name = mvp;
			packageProductDependencies = (
				D271755B2A728AAB005257A0 /* SnapKit */,
				D271755E2A728ABA005257A0 /* Foil */,
			);
			productName = mvp;
			productReference = D27175232A7289B9005257A0 /* mvp.app */;
			productType = "com.apple.product-type.application";
		};
		D27175382A7289BB005257A0 /* mvpTests */ = {
			isa = PBXNativeTarget;
			buildConfigurationList = D27175502A7289BB005257A0 /* Build configuration list for PBXNativeTarget "mvpTests" */;
			buildPhases = (
				D27175352A7289BB005257A0 /* Sources */,
				D27175362A7289BB005257A0 /* Frameworks */,
				D27175372A7289BB005257A0 /* Resources */,
			);
			buildRules = (
			);
			dependencies = (
				D271753B2A7289BB005257A0 /* PBXTargetDependency */,
			);
			name = mvpTests;
			productName = mvpTests;
			productReference = D27175392A7289BB005257A0 /* mvpTests.xctest */;
			productType = "com.apple.product-type.bundle.unit-test";
		};
		D27175422A7289BB005257A0 /* mvpUITests */ = {
			isa = PBXNativeTarget;
			buildConfigurationList = D27175532A7289BB005257A0 /* Build configuration list for PBXNativeTarget "mvpUITests" */;
			buildPhases = (
				D271753F2A7289BB005257A0 /* Sources */,
				D27175402A7289BB005257A0 /* Frameworks */,
				D27175412A7289BB005257A0 /* Resources */,
			);
			buildRules = (
			);
			dependencies = (
				D27175452A7289BB005257A0 /* PBXTargetDependency */,
			);
			name = mvpUITests;
			productName = mvpUITests;
			productReference = D27175432A7289BB005257A0 /* mvpUITests.xctest */;
			productType = "com.apple.product-type.bundle.ui-testing";
		};
/* End PBXNativeTarget section */

/* Begin PBXProject section */
		D271751B2A7289B9005257A0 /* Project object */ = {
			isa = PBXProject;
			attributes = {
				BuildIndependentTargetsInParallel = 1;
				LastSwiftUpdateCheck = 1420;
				LastUpgradeCheck = 1420;
				TargetAttributes = {
					D27175222A7289B9005257A0 = {
						CreatedOnToolsVersion = 14.2;
					};
					D27175382A7289BB005257A0 = {
						CreatedOnToolsVersion = 14.2;
						TestTargetID = D27175222A7289B9005257A0;
					};
					D27175422A7289BB005257A0 = {
						CreatedOnToolsVersion = 14.2;
						TestTargetID = D27175222A7289B9005257A0;
					};
				};
			};
			buildConfigurationList = D271751E2A7289B9005257A0 /* Build configuration list for PBXProject "mvp" */;
			compatibilityVersion = "Xcode 14.0";
			developmentRegion = en;
			hasScannedForEncodings = 0;
			knownRegions = (
				en,
				Base,
			);
			mainGroup = D271751A2A7289B9005257A0;
			packageReferences = (
				D271755A2A728AAB005257A0 /* XCRemoteSwiftPackageReference "SnapKit" */,
				D271755D2A728ABA005257A0 /* XCRemoteSwiftPackageReference "Foil" */,
			);
			productRefGroup = D27175242A7289B9005257A0 /* Products */;
			projectDirPath = "";
			projectRoot = "";
			targets = (
				D27175222A7289B9005257A0 /* mvp */,
				D27175382A7289BB005257A0 /* mvpTests */,
				D27175422A7289BB005257A0 /* mvpUITests */,
			);
		};
/* End PBXProject section */

/* Begin PBXResourcesBuildPhase section */
		D27175212A7289B9005257A0 /* Resources */ = {
			isa = PBXResourcesBuildPhase;
			buildActionMask = 2147483647;
			files = (
				D27175332A7289BA005257A0 /* LaunchScreen.storyboard in Resources */,
				D27175302A7289BA005257A0 /* Assets.xcassets in Resources */,
			);
			runOnlyForDeploymentPostprocessing = 0;
		};
		D27175372A7289BB005257A0 /* Resources */ = {
			isa = PBXResourcesBuildPhase;
			buildActionMask = 2147483647;
			files = (
			);
			runOnlyForDeploymentPostprocessing = 0;
		};
		D27175412A7289BB005257A0 /* Resources */ = {
			isa = PBXResourcesBuildPhase;
			buildActionMask = 2147483647;
			files = (
			);
			runOnlyForDeploymentPostprocessing = 0;
		};
/* End PBXResourcesBuildPhase section */

/* Begin PBXSourcesBuildPhase section */
		D271751F2A7289B9005257A0 /* Sources */ = {
			isa = PBXSourcesBuildPhase;
			buildActionMask = 2147483647;
			files = (
				D271752B2A7289B9005257A0 /* presenter.swift in Sources */,
				D27175272A7289B9005257A0 /* AppDelegate.swift in Sources */,
				D27175292A7289B9005257A0 /* SceneDelegate.swift in Sources */,
				D27175592A728A75005257A0 /* view.swift in Sources */,
				D27175572A728A65005257A0 /* model.swift in Sources */,
			);
			runOnlyForDeploymentPostprocessing = 0;
		};
		D27175352A7289BB005257A0 /* Sources */ = {
			isa = PBXSourcesBuildPhase;
			buildActionMask = 2147483647;
			files = (
				D271753E2A7289BB005257A0 /* mvpTests.swift in Sources */,
			);
			runOnlyForDeploymentPostprocessing = 0;
		};
		D271753F2A7289BB005257A0 /* Sources */ = {
			isa = PBXSourcesBuildPhase;
			buildActionMask = 2147483647;
			files = (
				D271754A2A7289BB005257A0 /* mvpUITestsLaunchTests.swift in Sources */,
				D27175482A7289BB005257A0 /* mvpUITests.swift in Sources */,
			);
			runOnlyForDeploymentPostprocessing = 0;
		};
/* End PBXSourcesBuildPhase section */

/* Begin PBXTargetDependency section */
		D271753B2A7289BB005257A0 /* PBXTargetDependency */ = {
			isa = PBXTargetDependency;
			target = D27175222A7289B9005257A0 /* mvp */;
			targetProxy = D271753A2A7289BB005257A0 /* PBXContainerItemProxy */;
		};
		D27175452A7289BB005257A0 /* PBXTargetDependency */ = {
			isa = PBXTargetDependency;
			target = D27175222A7289B9005257A0 /* mvp */;
			targetProxy = D27175442A7289BB005257A0 /* PBXContainerItemProxy */;
		};
/* End PBXTargetDependency section */

/* Begin PBXVariantGroup section */
		D27175312A7289BA005257A0 /* LaunchScreen.storyboard */ = {
			isa = PBXVariantGroup;
			children = (
				D27175322A7289BA005257A0 /* Base */,
			);
			name = LaunchScreen.storyboard;
			sourceTree = "<group>";
		};
/* End PBXVariantGroup section */

/* Begin XCBuildConfiguration section */
		D271754B2A7289BB005257A0 /* Debug */ = {
			isa = XCBuildConfiguration;
			buildSettings = {
				ALWAYS_SEARCH_USER_PATHS = NO;
				CLANG_ANALYZER_NONNULL = YES;
				CLANG_ANALYZER_NUMBER_OBJECT_CONVERSION = YES_AGGRESSIVE;
				CLANG_CXX_LANGUAGE_STANDARD = "gnu++20";
				CLANG_ENABLE_MODULES = YES;
				CLANG_ENABLE_OBJC_ARC = YES;
				CLANG_ENABLE_OBJC_WEAK = YES;
				CLANG_WARN_BLOCK_CAPTURE_AUTORELEASING = YES;
				CLANG_WARN_BOOL_CONVERSION = YES;
				CLANG_WARN_COMMA = YES;
				CLANG_WARN_CONSTANT_CONVERSION = YES;
				CLANG_WARN_DEPRECATED_OBJC_IMPLEMENTATIONS = YES;
				CLANG_WARN_DIRECT_OBJC_ISA_USAGE = YES_ERROR;
				CLANG_WARN_DOCUMENTATION_COMMENTS = YES;
				CLANG_WARN_EMPTY_BODY = YES;
				CLANG_WARN_ENUM_CONVERSION = YES;
				CLANG_WARN_INFINITE_RECURSION = YES;
				CLANG_WARN_INT_CONVERSION = YES;
				CLANG_WARN_NON_LITERAL_NULL_CONVERSION = YES;
				CLANG_WARN_OBJC_IMPLICIT_RETAIN_SELF = YES;
				CLANG_WARN_OBJC_LITERAL_CONVERSION = YES;
				CLANG_WARN_OBJC_ROOT_CLASS = YES_ERROR;
				CLANG_WARN_QUOTED_INCLUDE_IN_FRAMEWORK_HEADER = YES;
				CLANG_WARN_RANGE_LOOP_ANALYSIS = YES;
				CLANG_WARN_STRICT_PROTOTYPES = YES;
				CLANG_WARN_SUSPICIOUS_MOVE = YES;
				CLANG_WARN_UNGUARDED_AVAILABILITY = YES_AGGRESSIVE;
				CLANG_WARN_UNREACHABLE_CODE = YES;
				CLANG_WARN__DUPLICATE_METHOD_MATCH = YES;
				COPY_PHASE_STRIP = NO;
				DEBUG_INFORMATION_FORMAT = dwarf;
				ENABLE_STRICT_OBJC_MSGSEND = YES;
				ENABLE_TESTABILITY = YES;
				GCC_C_LANGUAGE_STANDARD = gnu11;
				GCC_DYNAMIC_NO_PIC = NO;
				GCC_NO_COMMON_BLOCKS = YES;
				GCC_OPTIMIZATION_LEVEL = 0;
				GCC_PREPROCESSOR_DEFINITIONS = (
					"DEBUG=1",
					"$(inherited)",
				);
				GCC_WARN_64_TO_32_BIT_CONVERSION = YES;
				GCC_WARN_ABOUT_RETURN_TYPE = YES_ERROR;
				GCC_WARN_UNDECLARED_SELECTOR = YES;
				GCC_WARN_UNINITIALIZED_AUTOS = YES_AGGRESSIVE;
				GCC_WARN_UNUSED_FUNCTION = YES;
				GCC_WARN_UNUSED_VARIABLE = YES;
				IPHONEOS_DEPLOYMENT_TARGET = 16.2;
				MTL_ENABLE_DEBUG_INFO = INCLUDE_SOURCE;
				MTL_FAST_MATH = YES;
				ONLY_ACTIVE_ARCH = YES;
				SDKROOT = iphoneos;
				SWIFT_ACTIVE_COMPILATION_CONDITIONS = DEBUG;
				SWIFT_OPTIMIZATION_LEVEL = "-Onone";
			};
			name = Debug;
		};
		D271754C2A7289BB005257A0 /* Release */ = {
			isa = XCBuildConfiguration;
			buildSettings = {
				ALWAYS_SEARCH_USER_PATHS = NO;
				CLANG_ANALYZER_NONNULL = YES;
				CLANG_ANALYZER_NUMBER_OBJECT_CONVERSION = YES_AGGRESSIVE;
				CLANG_CXX_LANGUAGE_STANDARD = "gnu++20";
				CLANG_ENABLE_MODULES = YES;
				CLANG_ENABLE_OBJC_ARC = YES;
				CLANG_ENABLE_OBJC_WEAK = YES;
				CLANG_WARN_BLOCK_CAPTURE_AUTORELEASING = YES;
				CLANG_WARN_BOOL_CONVERSION = YES;
				CLANG_WARN_COMMA = YES;
				CLANG_WARN_CONSTANT_CONVERSION = YES;
				CLANG_WARN_DEPRECATED_OBJC_IMPLEMENTATIONS = YES;
				CLANG_WARN_DIRECT_OBJC_ISA_USAGE = YES_ERROR;
				CLANG_WARN_DOCUMENTATION_COMMENTS = YES;
				CLANG_WARN_EMPTY_BODY = YES;
				CLANG_WARN_ENUM_CONVERSION = YES;
				CLANG_WARN_INFINITE_RECURSION = YES;
				CLANG_WARN_INT_CONVERSION = YES;
				CLANG_WARN_NON_LITERAL_NULL_CONVERSION = YES;
				CLANG_WARN_OBJC_IMPLICIT_RETAIN_SELF = YES;
				CLANG_WARN_OBJC_LITERAL_CONVERSION = YES;
				CLANG_WARN_OBJC_ROOT_CLASS = YES_ERROR;
				CLANG_WARN_QUOTED_INCLUDE_IN_FRAMEWORK_HEADER = YES;
				CLANG_WARN_RANGE_LOOP_ANALYSIS = YES;
				CLANG_WARN_STRICT_PROTOTYPES = YES;
				CLANG_WARN_SUSPICIOUS_MOVE = YES;
				CLANG_WARN_UNGUARDED_AVAILABILITY = YES_AGGRESSIVE;
				CLANG_WARN_UNREACHABLE_CODE = YES;
				CLANG_WARN__DUPLICATE_METHOD_MATCH = YES;
				COPY_PHASE_STRIP = NO;
				DEBUG_INFORMATION_FORMAT = "dwarf-with-dsym";
				ENABLE_NS_ASSERTIONS = NO;
				ENABLE_STRICT_OBJC_MSGSEND = YES;
				GCC_C_LANGUAGE_STANDARD = gnu11;
				GCC_NO_COMMON_BLOCKS = YES;
				GCC_WARN_64_TO_32_BIT_CONVERSION = YES;
				GCC_WARN_ABOUT_RETURN_TYPE = YES_ERROR;
				GCC_WARN_UNDECLARED_SELECTOR = YES;
				GCC_WARN_UNINITIALIZED_AUTOS = YES_AGGRESSIVE;
				GCC_WARN_UNUSED_FUNCTION = YES;
				GCC_WARN_UNUSED_VARIABLE = YES;
				IPHONEOS_DEPLOYMENT_TARGET = 16.2;
				MTL_ENABLE_DEBUG_INFO = NO;
				MTL_FAST_MATH = YES;
				SDKROOT = iphoneos;
				SWIFT_COMPILATION_MODE = wholemodule;
				SWIFT_OPTIMIZATION_LEVEL = "-O";
				VALIDATE_PRODUCT = YES;
			};
			name = Release;
		};
		D271754E2A7289BB005257A0 /* Debug */ = {
			isa = XCBuildConfiguration;
			buildSettings = {
				ASSETCATALOG_COMPILER_APPICON_NAME = AppIcon;
				ASSETCATALOG_COMPILER_GLOBAL_ACCENT_COLOR_NAME = AccentColor;
				CODE_SIGN_STYLE = Automatic;
				CURRENT_PROJECT_VERSION = 1;
				DEVELOPMENT_TEAM = JB68VP3JNR;
				GENERATE_INFOPLIST_FILE = YES;
				INFOPLIST_FILE = mvp/Info.plist;
				INFOPLIST_KEY_UIApplicationSupportsIndirectInputEvents = YES;
				INFOPLIST_KEY_UILaunchStoryboardName = LaunchScreen;
				INFOPLIST_KEY_UISupportedInterfaceOrientations_iPad = "UIInterfaceOrientationPortrait UIInterfaceOrientationPortraitUpsideDown UIInterfaceOrientationLandscapeLeft UIInterfaceOrientationLandscapeRight";
				INFOPLIST_KEY_UISupportedInterfaceOrientations_iPhone = "UIInterfaceOrientationPortrait UIInterfaceOrientationLandscapeLeft UIInterfaceOrientationLandscapeRight";
				LD_RUNPATH_SEARCH_PATHS = (
					"$(inherited)",
					"@executable_path/Frameworks",
				);
				MARKETING_VERSION = 1.0;
				PRODUCT_BUNDLE_IDENTIFIER = dsg.mvp;
				PRODUCT_NAME = "$(TARGET_NAME)";
				SWIFT_EMIT_LOC_STRINGS = YES;
				SWIFT_VERSION = 5.0;
				TARGETED_DEVICE_FAMILY = "1,2";
			};
			name = Debug;
		};
		D271754F2A7289BB005257A0 /* Release */ = {
			isa = XCBuildConfiguration;
			buildSettings = {
				ASSETCATALOG_COMPILER_APPICON_NAME = AppIcon;
				ASSETCATALOG_COMPILER_GLOBAL_ACCENT_COLOR_NAME = AccentColor;
				CODE_SIGN_STYLE = Automatic;
				CURRENT_PROJECT_VERSION = 1;
				DEVELOPMENT_TEAM = JB68VP3JNR;
				GENERATE_INFOPLIST_FILE = YES;
				INFOPLIST_FILE = mvp/Info.plist;
				INFOPLIST_KEY_UIApplicationSupportsIndirectInputEvents = YES;
				INFOPLIST_KEY_UILaunchStoryboardName = LaunchScreen;
				INFOPLIST_KEY_UISupportedInterfaceOrientations_iPad = "UIInterfaceOrientationPortrait UIInterfaceOrientationPortraitUpsideDown UIInterfaceOrientationLandscapeLeft UIInterfaceOrientationLandscapeRight";
				INFOPLIST_KEY_UISupportedInterfaceOrientations_iPhone = "UIInterfaceOrientationPortrait UIInterfaceOrientationLandscapeLeft UIInterfaceOrientationLandscapeRight";
				LD_RUNPATH_SEARCH_PATHS = (
					"$(inherited)",
					"@executable_path/Frameworks",
				);
				MARKETING_VERSION = 1.0;
				PRODUCT_BUNDLE_IDENTIFIER = dsg.mvp;
				PRODUCT_NAME = "$(TARGET_NAME)";
				SWIFT_EMIT_LOC_STRINGS = YES;
				SWIFT_VERSION = 5.0;
				TARGETED_DEVICE_FAMILY = "1,2";
			};
			name = Release;
		};
		D27175512A7289BB005257A0 /* Debug */ = {
			isa = XCBuildConfiguration;
			buildSettings = {
				ALWAYS_EMBED_SWIFT_STANDARD_LIBRARIES = YES;
				BUNDLE_LOADER = "$(TEST_HOST)";
				CODE_SIGN_STYLE = Automatic;
				CURRENT_PROJECT_VERSION = 1;
				DEVELOPMENT_TEAM = JB68VP3JNR;
				GENERATE_INFOPLIST_FILE = YES;
				IPHONEOS_DEPLOYMENT_TARGET = 16.2;
				MARKETING_VERSION = 1.0;
				PRODUCT_BUNDLE_IDENTIFIER = dsg.mvpTests;
				PRODUCT_NAME = "$(TARGET_NAME)";
				SWIFT_EMIT_LOC_STRINGS = NO;
				SWIFT_VERSION = 5.0;
				TARGETED_DEVICE_FAMILY = "1,2";
				TEST_HOST = "$(BUILT_PRODUCTS_DIR)/mvp.app/$(BUNDLE_EXECUTABLE_FOLDER_PATH)/mvp";
			};
			name = Debug;
		};
		D27175522A7289BB005257A0 /* Release */ = {
			isa = XCBuildConfiguration;
			buildSettings = {
				ALWAYS_EMBED_SWIFT_STANDARD_LIBRARIES = YES;
				BUNDLE_LOADER = "$(TEST_HOST)";
				CODE_SIGN_STYLE = Automatic;
				CURRENT_PROJECT_VERSION = 1;
				DEVELOPMENT_TEAM = JB68VP3JNR;
				GENERATE_INFOPLIST_FILE = YES;
				IPHONEOS_DEPLOYMENT_TARGET = 16.2;
				MARKETING_VERSION = 1.0;
				PRODUCT_BUNDLE_IDENTIFIER = dsg.mvpTests;
				PRODUCT_NAME = "$(TARGET_NAME)";
				SWIFT_EMIT_LOC_STRINGS = NO;
				SWIFT_VERSION = 5.0;
				TARGETED_DEVICE_FAMILY = "1,2";
				TEST_HOST = "$(BUILT_PRODUCTS_DIR)/mvp.app/$(BUNDLE_EXECUTABLE_FOLDER_PATH)/mvp";
			};
			name = Release;
		};
		D27175542A7289BB005257A0 /* Debug */ = {
			isa = XCBuildConfiguration;
			buildSettings = {
				ALWAYS_EMBED_SWIFT_STANDARD_LIBRARIES = YES;
				CODE_SIGN_STYLE = Automatic;
				CURRENT_PROJECT_VERSION = 1;
				DEVELOPMENT_TEAM = JB68VP3JNR;
				GENERATE_INFOPLIST_FILE = YES;
				MARKETING_VERSION = 1.0;
				PRODUCT_BUNDLE_IDENTIFIER = dsg.mvpUITests;
				PRODUCT_NAME = "$(TARGET_NAME)";
				SWIFT_EMIT_LOC_STRINGS = NO;
				SWIFT_VERSION = 5.0;
				TARGETED_DEVICE_FAMILY = "1,2";
				TEST_TARGET_NAME = mvp;
			};
			name = Debug;
		};
		D27175552A7289BB005257A0 /* Release */ = {
			isa = XCBuildConfiguration;
			buildSettings = {
				ALWAYS_EMBED_SWIFT_STANDARD_LIBRARIES = YES;
				CODE_SIGN_STYLE = Automatic;
				CURRENT_PROJECT_VERSION = 1;
				DEVELOPMENT_TEAM = JB68VP3JNR;
				GENERATE_INFOPLIST_FILE = YES;
				MARKETING_VERSION = 1.0;
				PRODUCT_BUNDLE_IDENTIFIER = dsg.mvpUITests;
				PRODUCT_NAME = "$(TARGET_NAME)";
				SWIFT_EMIT_LOC_STRINGS = NO;
				SWIFT_VERSION = 5.0;
				TARGETED_DEVICE_FAMILY = "1,2";
				TEST_TARGET_NAME = mvp;
			};
			name = Release;
		};
/* End XCBuildConfiguration section */

/* Begin XCConfigurationList section */
		D271751E2A7289B9005257A0 /* Build configuration list for PBXProject "mvp" */ = {
			isa = XCConfigurationList;
			buildConfigurations = (
				D271754B2A7289BB005257A0 /* Debug */,
				D271754C2A7289BB005257A0 /* Release */,
			);
			defaultConfigurationIsVisible = 0;
			defaultConfigurationName = Release;
		};
		D271754D2A7289BB005257A0 /* Build configuration list for PBXNativeTarget "mvp" */ = {
			isa = XCConfigurationList;
			buildConfigurations = (
				D271754E2A7289BB005257A0 /* Debug */,
				D271754F2A7289BB005257A0 /* Release */,
			);
			defaultConfigurationIsVisible = 0;
			defaultConfigurationName = Release;
		};
		D27175502A7289BB005257A0 /* Build configuration list for PBXNativeTarget "mvpTests" */ = {
			isa = XCConfigurationList;
			buildConfigurations = (
				D27175512A7289BB005257A0 /* Debug */,
				D27175522A7289BB005257A0 /* Release */,
			);
			defaultConfigurationIsVisible = 0;
			defaultConfigurationName = Release;
		};
		D27175532A7289BB005257A0 /* Build configuration list for PBXNativeTarget "mvpUITests" */ = {
			isa = XCConfigurationList;
			buildConfigurations = (
				D27175542A7289BB005257A0 /* Debug */,
				D27175552A7289BB005257A0 /* Release */,
			);
			defaultConfigurationIsVisible = 0;
			defaultConfigurationName = Release;
		};
/* End XCConfigurationList section */

/* Begin XCRemoteSwiftPackageReference section */
		D271755A2A728AAB005257A0 /* XCRemoteSwiftPackageReference "SnapKit" */ = {
			isa = XCRemoteSwiftPackageReference;
			repositoryURL = "https://github.com/SnapKit/SnapKit.git";
			requirement = {
				kind = upToNextMajorVersion;
				minimumVersion = 5.0.0;
			};
		};
		D271755D2A728ABA005257A0 /* XCRemoteSwiftPackageReference "Foil" */ = {
			isa = XCRemoteSwiftPackageReference;
			repositoryURL = "https://github.com/jessesquires/Foil";
			requirement = {
				kind = upToNextMajorVersion;
				minimumVersion = 4.0.0;
			};
		};
/* End XCRemoteSwiftPackageReference section */

/* Begin XCSwiftPackageProductDependency section */
		D271755B2A728AAB005257A0 /* SnapKit */ = {
			isa = XCSwiftPackageProductDependency;
			package = D271755A2A728AAB005257A0 /* XCRemoteSwiftPackageReference "SnapKit" */;
			productName = SnapKit;
		};
		D271755E2A728ABA005257A0 /* Foil */ = {
			isa = XCSwiftPackageProductDependency;
			package = D271755D2A728ABA005257A0 /* XCRemoteSwiftPackageReference "Foil" */;
			productName = Foil;
		};
/* End XCSwiftPackageProductDependency section */
	};
	rootObject = D271751B2A7289B9005257A0 /* Project object */;
}
